
Microsoft Visual Studio Solution File, Format Version 12.00
# Visual Studio 14
VisualStudioVersion = 14.0.25420.1
MinimumVisualStudioVersion = 10.0.40219.1
Project("{FAE04EC0-301F-11D3-BF4B-00C04F79EFBC}") = "PrismUnityApp2", "PrismUnityApp2\PrismUnityApp2\PrismUnityApp2.csproj", "{7D17A6A5-4111-4359-A84F-E66BF4E89411}"
EndProject
Project("{FAE04EC0-301F-11D3-BF4B-00C04F79EFBC}") = "PrismUnityApp2.Droid", "PrismUnityApp2\PrismUnityApp2.Droid\PrismUnityApp2.Droid.csproj", "{66D6947A-5774-4211-98AD-7BDE0C7D179A}"
EndProject
Project("{FAE04EC0-301F-11D3-BF4B-00C04F79EFBC}") = "PrismUnityApp2.iOS", "PrismUnityApp2\PrismUnityApp2.iOS\PrismUnityApp2.iOS.csproj", "{5562D2DA-F993-4AEF-B9A9-340F62286885}"
EndProject
Project("{FAE04EC0-301F-11D3-BF4B-00C04F79EFBC}") = "PrismUnityApp2.UWP", "PrismUnityApp2\PrismUnityApp2.UWP\PrismUnityApp2.UWP.csproj", "{3556AE46-BDEB-4E29-BF39-7396C64BB8B3}"
EndProject
Global
	GlobalSection(SolutionConfigurationPlatforms) = preSolution
		Ad-Hoc|Any CPU = Ad-Hoc|Any CPU
		Ad-Hoc|ARM = Ad-Hoc|ARM
		Ad-Hoc|iPhone = Ad-Hoc|iPhone
		Ad-Hoc|iPhoneSimulator = Ad-Hoc|iPhoneSimulator
		Ad-Hoc|x64 = Ad-Hoc|x64
		Ad-Hoc|x86 = Ad-Hoc|x86
		AppStore|Any CPU = AppStore|Any CPU
		AppStore|ARM = AppStore|ARM
		AppStore|iPhone = AppStore|iPhone
		AppStore|iPhoneSimulator = AppStore|iPhoneSimulator
		AppStore|x64 = AppStore|x64
		AppStore|x86 = AppStore|x86
		Debug|Any CPU = Debug|Any CPU
		Debug|ARM = Debug|ARM
		Debug|iPhone = Debug|iPhone
		Debug|iPhoneSimulator = Debug|iPhoneSimulator
		Debug|x64 = Debug|x64
		Debug|x86 = Debug|x86
		Release|Any CPU = Release|Any CPU
		Release|ARM = Release|ARM
		Release|iPhone = Release|iPhone
		Release|iPhoneSimulator = Release|iPhoneSimulator
		Release|x64 = Release|x64
		Release|x86 = Release|x86
	EndGlobalSection
	GlobalSection(ProjectConfigurationPlatforms) = postSolution
		{7D17A6A5-4111-4359-A84F-E66BF4E89411}.Ad-Hoc|Any CPU.ActiveCfg = Release|Any CPU
		{7D17A6A5-4111-4359-A84F-E66BF4E89411}.Ad-Hoc|Any CPU.Build.0 = Release|Any CPU
		{7D17A6A5-4111-4359-A84F-E66BF4E89411}.Ad-Hoc|ARM.ActiveCfg = Release|Any CPU
		{7D17A6A5-4111-4359-A84F-E66BF4E89411}.Ad-Hoc|ARM.Build.0 = Release|Any CPU
		{7D17A6A5-4111-4359-A84F-E66BF4E89411}.Ad-Hoc|iPhone.ActiveCfg = Release|Any CPU
		{7D17A6A5-4111-4359-A84F-E66BF4E89411}.Ad-Hoc|iPhone.Build.0 = Release|Any CPU
		{7D17A6A5-4111-4359-A84F-E66BF4E89411}.Ad-Hoc|iPhoneSimulator.ActiveCfg = Release|Any CPU
		{7D17A6A5-4111-4359-A84F-E66BF4E89411}.Ad-Hoc|iPhoneSimulator.Build.0 = Release|Any CPU
		{7D17A6A5-4111-4359-A84F-E66BF4E89411}.Ad-Hoc|x64.ActiveCfg = Release|Any CPU
		{7D17A6A5-4111-4359-A84F-E66BF4E89411}.Ad-Hoc|x64.Build.0 = Release|Any CPU
		{7D17A6A5-4111-4359-A84F-E66BF4E89411}.Ad-Hoc|x86.ActiveCfg = Release|Any CPU
		{7D17A6A5-4111-4359-A84F-E66BF4E89411}.Ad-Hoc|x86.Build.0 = Release|Any CPU
		{7D17A6A5-4111-4359-A84F-E66BF4E89411}.AppStore|Any CPU.ActiveCfg = Release|Any CPU
		{7D17A6A5-4111-4359-A84F-E66BF4E89411}.AppStore|Any CPU.Build.0 = Release|Any CPU
		{7D17A6A5-4111-4359-A84F-E66BF4E89411}.AppStore|ARM.ActiveCfg = Release|Any CPU
		{7D17A6A5-4111-4359-A84F-E66BF4E89411}.AppStore|ARM.Build.0 = Release|Any CPU
		{7D17A6A5-4111-4359-A84F-E66BF4E89411}.AppStore|iPhone.ActiveCfg = Release|Any CPU
		{7D17A6A5-4111-4359-A84F-E66BF4E89411}.AppStore|iPhone.Build.0 = Release|Any CPU
		{7D17A6A5-4111-4359-A84F-E66BF4E89411}.AppStore|iPhoneSimulator.ActiveCfg = Release|Any CPU
		{7D17A6A5-4111-4359-A84F-E66BF4E89411}.AppStore|iPhoneSimulator.Build.0 = Release|Any CPU
		{7D17A6A5-4111-4359-A84F-E66BF4E89411}.AppStore|x64.ActiveCfg = Release|Any CPU
		{7D17A6A5-4111-4359-A84F-E66BF4E89411}.AppStore|x64.Build.0 = Release|Any CPU
		{7D17A6A5-4111-4359-A84F-E66BF4E89411}.AppStore|x86.ActiveCfg = Release|Any CPU
		{7D17A6A5-4111-4359-A84F-E66BF4E89411}.AppStore|x86.Build.0 = Release|Any CPU
		{7D17A6A5-4111-4359-A84F-E66BF4E89411}.Debug|Any CPU.ActiveCfg = Debug|Any CPU
		{7D17A6A5-4111-4359-A84F-E66BF4E89411}.Debug|Any CPU.Build.0 = Debug|Any CPU
		{7D17A6A5-4111-4359-A84F-E66BF4E89411}.Debug|ARM.ActiveCfg = Debug|Any CPU
		{7D17A6A5-4111-4359-A84F-E66BF4E89411}.Debug|ARM.Build.0 = Debug|Any CPU
		{7D17A6A5-4111-4359-A84F-E66BF4E89411}.Debug|iPhone.ActiveCfg = Debug|Any CPU
		{7D17A6A5-4111-4359-A84F-E66BF4E89411}.Debug|iPhone.Build.0 = Debug|Any CPU
		{7D17A6A5-4111-4359-A84F-E66BF4E89411}.Debug|iPhoneSimulator.ActiveCfg = Debug|Any CPU
		{7D17A6A5-4111-4359-A84F-E66BF4E89411}.Debug|iPhoneSimulator.Build.0 = Debug|Any CPU
		{7D17A6A5-4111-4359-A84F-E66BF4E89411}.Debug|x64.ActiveCfg = Debug|Any CPU
		{7D17A6A5-4111-4359-A84F-E66BF4E89411}.Debug|x64.Build.0 = Debug|Any CPU
		{7D17A6A5-4111-4359-A84F-E66BF4E89411}.Debug|x86.ActiveCfg = Debug|Any CPU
		{7D17A6A5-4111-4359-A84F-E66BF4E89411}.Debug|x86.Build.0 = Debug|Any CPU
		{7D17A6A5-4111-4359-A84F-E66BF4E89411}.Release|Any CPU.ActiveCfg = Release|Any CPU
		{7D17A6A5-4111-4359-A84F-E66BF4E89411}.Release|Any CPU.Build.0 = Release|Any CPU
		{7D17A6A5-4111-4359-A84F-E66BF4E89411}.Release|ARM.ActiveCfg = Release|Any CPU
		{7D17A6A5-4111-4359-A84F-E66BF4E89411}.Release|ARM.Build.0 = Release|Any CPU
		{7D17A6A5-4111-4359-A84F-E66BF4E89411}.Release|iPhone.ActiveCfg = Release|Any CPU
		{7D17A6A5-4111-4359-A84F-E66BF4E89411}.Release|iPhone.Build.0 = Release|Any CPU
		{7D17A6A5-4111-4359-A84F-E66BF4E89411}.Release|iPhoneSimulator.ActiveCfg = Release|Any CPU
		{7D17A6A5-4111-4359-A84F-E66BF4E89411}.Release|iPhoneSimulator.Build.0 = Release|Any CPU
		{7D17A6A5-4111-4359-A84F-E66BF4E89411}.Release|x64.ActiveCfg = Release|Any CPU
		{7D17A6A5-4111-4359-A84F-E66BF4E89411}.Release|x64.Build.0 = Release|Any CPU
		{7D17A6A5-4111-4359-A84F-E66BF4E89411}.Release|x86.ActiveCfg = Release|Any CPU
		{7D17A6A5-4111-4359-A84F-E66BF4E89411}.Release|x86.Build.0 = Release|Any CPU
		{66D6947A-5774-4211-98AD-7BDE0C7D179A}.Ad-Hoc|Any CPU.ActiveCfg = Release|Any CPU
		{66D6947A-5774-4211-98AD-7BDE0C7D179A}.Ad-Hoc|Any CPU.Build.0 = Release|Any CPU
		{66D6947A-5774-4211-98AD-7BDE0C7D179A}.Ad-Hoc|Any CPU.Deploy.0 = Release|Any CPU
		{66D6947A-5774-4211-98AD-7BDE0C7D179A}.Ad-Hoc|ARM.ActiveCfg = Release|Any CPU
		{66D6947A-5774-4211-98AD-7BDE0C7D179A}.Ad-Hoc|ARM.Build.0 = Release|Any CPU
		{66D6947A-5774-4211-98AD-7BDE0C7D179A}.Ad-Hoc|ARM.Deploy.0 = Release|Any CPU
		{66D6947A-5774-4211-98AD-7BDE0C7D179A}.Ad-Hoc|iPhone.ActiveCfg = Release|Any CPU
		{66D6947A-5774-4211-98AD-7BDE0C7D179A}.Ad-Hoc|iPhone.Build.0 = Release|Any CPU
		{66D6947A-5774-4211-98AD-7BDE0C7D179A}.Ad-Hoc|iPhone.Deploy.0 = Release|Any CPU
		{66D6947A-5774-4211-98AD-7BDE0C7D179A}.Ad-Hoc|iPhoneSimulator.ActiveCfg = Release|Any CPU
		{66D6947A-5774-4211-98AD-7BDE0C7D179A}.Ad-Hoc|iPhoneSimulator.Build.0 = Release|Any CPU
		{66D6947A-5774-4211-98AD-7BDE0C7D179A}.Ad-Hoc|iPhoneSimulator.Deploy.0 = Release|Any CPU
		{66D6947A-5774-4211-98AD-7BDE0C7D179A}.Ad-Hoc|x64.ActiveCfg = Release|Any CPU
		{66D6947A-5774-4211-98AD-7BDE0C7D179A}.Ad-Hoc|x64.Build.0 = Release|Any CPU
		{66D6947A-5774-4211-98AD-7BDE0C7D179A}.Ad-Hoc|x64.Deploy.0 = Release|Any CPU
		{66D6947A-5774-4211-98AD-7BDE0C7D179A}.Ad-Hoc|x86.ActiveCfg = Release|Any CPU
		{66D6947A-5774-4211-98AD-7BDE0C7D179A}.Ad-Hoc|x86.Build.0 = Release|Any CPU
		{66D6947A-5774-4211-98AD-7BDE0C7D179A}.Ad-Hoc|x86.Deploy.0 = Release|Any CPU
		{66D6947A-5774-4211-98AD-7BDE0C7D179A}.AppStore|Any CPU.ActiveCfg = Release|Any CPU
		{66D6947A-5774-4211-98AD-7BDE0C7D179A}.AppStore|Any CPU.Build.0 = Release|Any CPU
		{66D6947A-5774-4211-98AD-7BDE0C7D179A}.AppStore|Any CPU.Deploy.0 = Release|Any CPU
		{66D6947A-5774-4211-98AD-7BDE0C7D179A}.AppStore|ARM.ActiveCfg = Release|Any CPU
		{66D6947A-5774-4211-98AD-7BDE0C7D179A}.AppStore|ARM.Build.0 = Release|Any CPU
		{66D6947A-5774-4211-98AD-7BDE0C7D179A}.AppStore|ARM.Deploy.0 = Release|Any CPU
		{66D6947A-5774-4211-98AD-7BDE0C7D179A}.AppStore|iPhone.ActiveCfg = Release|Any CPU
		{66D6947A-5774-4211-98AD-7BDE0C7D179A}.AppStore|iPhone.Build.0 = Release|Any CPU
		{66D6947A-5774-4211-98AD-7BDE0C7D179A}.AppStore|iPhone.Deploy.0 = Release|Any CPU
		{66D6947A-5774-4211-98AD-7BDE0C7D179A}.AppStore|iPhoneSimulator.ActiveCfg = Release|Any CPU
		{66D6947A-5774-4211-98AD-7BDE0C7D179A}.AppStore|iPhoneSimulator.Build.0 = Release|Any CPU
		{66D6947A-5774-4211-98AD-7BDE0C7D179A}.AppStore|iPhoneSimulator.Deploy.0 = Release|Any CPU
		{66D6947A-5774-4211-98AD-7BDE0C7D179A}.AppStore|x64.ActiveCfg = Release|Any CPU
		{66D6947A-5774-4211-98AD-7BDE0C7D179A}.AppStore|x64.Build.0 = Release|Any CPU
		{66D6947A-5774-4211-98AD-7BDE0C7D179A}.AppStore|x64.Deploy.0 = Release|Any CPU
		{66D6947A-5774-4211-98AD-7BDE0C7D179A}.AppStore|x86.ActiveCfg = Release|Any CPU
		{66D6947A-5774-4211-98AD-7BDE0C7D179A}.AppStore|x86.Build.0 = Release|Any CPU
		{66D6947A-5774-4211-98AD-7BDE0C7D179A}.AppStore|x86.Deploy.0 = Release|Any CPU
		{66D6947A-5774-4211-98AD-7BDE0C7D179A}.Debug|Any CPU.ActiveCfg = Debug|Any CPU
		{66D6947A-5774-4211-98AD-7BDE0C7D179A}.Debug|Any CPU.Build.0 = Debug|Any CPU
		{66D6947A-5774-4211-98AD-7BDE0C7D179A}.Debug|Any CPU.Deploy.0 = Debug|Any CPU
		{66D6947A-5774-4211-98AD-7BDE0C7D179A}.Debug|ARM.ActiveCfg = Debug|Any CPU
		{66D6947A-5774-4211-98AD-7BDE0C7D179A}.Debug|ARM.Build.0 = Debug|Any CPU
		{66D6947A-5774-4211-98AD-7BDE0C7D179A}.Debug|ARM.Deploy.0 = Debug|Any CPU
		{66D6947A-5774-4211-98AD-7BDE0C7D179A}.Debug|iPhone.ActiveCfg = Debug|Any CPU
		{66D6947A-5774-4211-98AD-7BDE0C7D179A}.Debug|iPhone.Build.0 = Debug|Any CPU
		{66D6947A-5774-4211-98AD-7BDE0C7D179A}.Debug|iPhone.Deploy.0 = Debug|Any CPU
		{66D6947A-5774-4211-98AD-7BDE0C7D179A}.Debug|iPhoneSimulator.ActiveCfg = Debug|Any CPU
		{66D6947A-5774-4211-98AD-7BDE0C7D179A}.Debug|iPhoneSimulator.Build.0 = Debug|Any CPU
		{66D6947A-5774-4211-98AD-7BDE0C7D179A}.Debug|iPhoneSimulator.Deploy.0 = Debug|Any CPU
		{66D6947A-5774-4211-98AD-7BDE0C7D179A}.Debug|x64.ActiveCfg = Debug|Any CPU
		{66D6947A-5774-4211-98AD-7BDE0C7D179A}.Debug|x64.Build.0 = Debug|Any CPU
		{66D6947A-5774-4211-98AD-7BDE0C7D179A}.Debug|x64.Deploy.0 = Debug|Any CPU
		{66D6947A-5774-4211-98AD-7BDE0C7D179A}.Debug|x86.ActiveCfg = Debug|Any CPU
		{66D6947A-5774-4211-98AD-7BDE0C7D179A}.Debug|x86.Build.0 = Debug|Any CPU
		{66D6947A-5774-4211-98AD-7BDE0C7D179A}.Debug|x86.Deploy.0 = Debug|Any CPU
		{66D6947A-5774-4211-98AD-7BDE0C7D179A}.Release|Any CPU.ActiveCfg = Release|Any CPU
		{66D6947A-5774-4211-98AD-7BDE0C7D179A}.Release|Any CPU.Build.0 = Release|Any CPU
		{66D6947A-5774-4211-98AD-7BDE0C7D179A}.Release|Any CPU.Deploy.0 = Release|Any CPU
		{66D6947A-5774-4211-98AD-7BDE0C7D179A}.Release|ARM.ActiveCfg = Release|Any CPU
		{66D6947A-5774-4211-98AD-7BDE0C7D179A}.Release|ARM.Build.0 = Release|Any CPU
		{66D6947A-5774-4211-98AD-7BDE0C7D179A}.Release|ARM.Deploy.0 = Release|Any CPU
		{66D6947A-5774-4211-98AD-7BDE0C7D179A}.Release|iPhone.ActiveCfg = Release|Any CPU
		{66D6947A-5774-4211-98AD-7BDE0C7D179A}.Release|iPhone.Build.0 = Release|Any CPU
		{66D6947A-5774-4211-98AD-7BDE0C7D179A}.Release|iPhone.Deploy.0 = Release|Any CPU
		{66D6947A-5774-4211-98AD-7BDE0C7D179A}.Release|iPhoneSimulator.ActiveCfg = Release|Any CPU
		{66D6947A-5774-4211-98AD-7BDE0C7D179A}.Release|iPhoneSimulator.Build.0 = Release|Any CPU
		{66D6947A-5774-4211-98AD-7BDE0C7D179A}.Release|iPhoneSimulator.Deploy.0 = Release|Any CPU
		{66D6947A-5774-4211-98AD-7BDE0C7D179A}.Release|x64.ActiveCfg = Release|Any CPU
		{66D6947A-5774-4211-98AD-7BDE0C7D179A}.Release|x64.Build.0 = Release|Any CPU
		{66D6947A-5774-4211-98AD-7BDE0C7D179A}.Release|x64.Deploy.0 = Release|Any CPU
		{66D6947A-5774-4211-98AD-7BDE0C7D179A}.Release|x86.ActiveCfg = Release|Any CPU
		{66D6947A-5774-4211-98AD-7BDE0C7D179A}.Release|x86.Build.0 = Release|Any CPU
		{66D6947A-5774-4211-98AD-7BDE0C7D179A}.Release|x86.Deploy.0 = Release|Any CPU
		{5562D2DA-F993-4AEF-B9A9-340F62286885}.Ad-Hoc|Any CPU.ActiveCfg = Ad-Hoc|iPhone
		{5562D2DA-F993-4AEF-B9A9-340F62286885}.Ad-Hoc|ARM.ActiveCfg = Ad-Hoc|iPhone
		{5562D2DA-F993-4AEF-B9A9-340F62286885}.Ad-Hoc|iPhone.ActiveCfg = Ad-Hoc|iPhone
		{5562D2DA-F993-4AEF-B9A9-340F62286885}.Ad-Hoc|iPhone.Build.0 = Ad-Hoc|iPhone
		{5562D2DA-F993-4AEF-B9A9-340F62286885}.Ad-Hoc|iPhoneSimulator.ActiveCfg = Ad-Hoc|iPhoneSimulator
		{5562D2DA-F993-4AEF-B9A9-340F62286885}.Ad-Hoc|iPhoneSimulator.Build.0 = Ad-Hoc|iPhoneSimulator
		{5562D2DA-F993-4AEF-B9A9-340F62286885}.Ad-Hoc|x64.ActiveCfg = Ad-Hoc|iPhone
		{5562D2DA-F993-4AEF-B9A9-340F62286885}.Ad-Hoc|x86.ActiveCfg = Ad-Hoc|iPhone
		{5562D2DA-F993-4AEF-B9A9-340F62286885}.AppStore|Any CPU.ActiveCfg = AppStore|iPhone
		{5562D2DA-F993-4AEF-B9A9-340F62286885}.AppStore|ARM.ActiveCfg = AppStore|iPhone
		{5562D2DA-F993-4AEF-B9A9-340F62286885}.AppStore|iPhone.ActiveCfg = AppStore|iPhone
		{5562D2DA-F993-4AEF-B9A9-340F62286885}.AppStore|iPhone.Build.0 = AppStore|iPhone
		{5562D2DA-F993-4AEF-B9A9-340F62286885}.AppStore|iPhoneSimulator.ActiveCfg = AppStore|iPhoneSimulator
		{5562D2DA-F993-4AEF-B9A9-340F62286885}.AppStore|iPhoneSimulator.Build.0 = AppStore|iPhoneSimulator
		{5562D2DA-F993-4AEF-B9A9-340F62286885}.AppStore|x64.ActiveCfg = AppStore|iPhone
		{5562D2DA-F993-4AEF-B9A9-340F62286885}.AppStore|x86.ActiveCfg = AppStore|iPhone
		{5562D2DA-F993-4AEF-B9A9-340F62286885}.Debug|Any CPU.ActiveCfg = Debug|iPhone
		{5562D2DA-F993-4AEF-B9A9-340F62286885}.Debug|ARM.ActiveCfg = Debug|iPhone
		{5562D2DA-F993-4AEF-B9A9-340F62286885}.Debug|iPhone.ActiveCfg = Debug|iPhone
		{5562D2DA-F993-4AEF-B9A9-340F62286885}.Debug|iPhone.Build.0 = Debug|iPhone
		{5562D2DA-F993-4AEF-B9A9-340F62286885}.Debug|iPhoneSimulator.ActiveCfg = Debug|iPhoneSimulator
		{5562D2DA-F993-4AEF-B9A9-340F62286885}.Debug|iPhoneSimulator.Build.0 = Debug|iPhoneSimulator
		{5562D2DA-F993-4AEF-B9A9-340F62286885}.Debug|x64.ActiveCfg = Debug|iPhone
		{5562D2DA-F993-4AEF-B9A9-340F62286885}.Debug|x86.ActiveCfg = Debug|iPhone
		{5562D2DA-F993-4AEF-B9A9-340F62286885}.Release|Any CPU.ActiveCfg = Release|iPhone
		{5562D2DA-F993-4AEF-B9A9-340F62286885}.Release|ARM.ActiveCfg = Release|iPhone
		{5562D2DA-F993-4AEF-B9A9-340F62286885}.Release|iPhone.ActiveCfg = Release|iPhone
		{5562D2DA-F993-4AEF-B9A9-340F62286885}.Release|iPhone.Build.0 = Release|iPhone
		{5562D2DA-F993-4AEF-B9A9-340F62286885}.Release|iPhoneSimulator.ActiveCfg = Release|iPhoneSimulator
		{5562D2DA-F993-4AEF-B9A9-340F62286885}.Release|iPhoneSimulator.Build.0 = Release|iPhoneSimulator
		{5562D2DA-F993-4AEF-B9A9-340F62286885}.Release|x64.ActiveCfg = Release|iPhone
		{5562D2DA-F993-4AEF-B9A9-340F62286885}.Release|x86.ActiveCfg = Release|iPhone
		{3556AE46-BDEB-4E29-BF39-7396C64BB8B3}.Ad-Hoc|Any CPU.ActiveCfg = Release|x86
		{3556AE46-BDEB-4E29-BF39-7396C64BB8B3}.Ad-Hoc|Any CPU.Build.0 = Release|x86
		{3556AE46-BDEB-4E29-BF39-7396C64BB8B3}.Ad-Hoc|Any CPU.Deploy.0 = Release|x86
		{3556AE46-BDEB-4E29-BF39-7396C64BB8B3}.Ad-Hoc|ARM.ActiveCfg = Release|ARM
		{3556AE46-BDEB-4E29-BF39-7396C64BB8B3}.Ad-Hoc|ARM.Build.0 = Release|ARM
		{3556AE46-BDEB-4E29-BF39-7396C64BB8B3}.Ad-Hoc|ARM.Deploy.0 = Release|ARM
		{3556AE46-BDEB-4E29-BF39-7396C64BB8B3}.Ad-Hoc|iPhone.ActiveCfg = Release|x86
		{3556AE46-BDEB-4E29-BF39-7396C64BB8B3}.Ad-Hoc|iPhone.Build.0 = Release|x86
		{3556AE46-BDEB-4E29-BF39-7396C64BB8B3}.Ad-Hoc|iPhone.Deploy.0 = Release|x86
		{3556AE46-BDEB-4E29-BF39-7396C64BB8B3}.Ad-Hoc|iPhoneSimulator.ActiveCfg = Release|x86
		{3556AE46-BDEB-4E29-BF39-7396C64BB8B3}.Ad-Hoc|iPhoneSimulator.Build.0 = Release|x86
		{3556AE46-BDEB-4E29-BF39-7396C64BB8B3}.Ad-Hoc|iPhoneSimulator.Deploy.0 = Release|x86
		{3556AE46-BDEB-4E29-BF39-7396C64BB8B3}.Ad-Hoc|x64.ActiveCfg = Release|x64
		{3556AE46-BDEB-4E29-BF39-7396C64BB8B3}.Ad-Hoc|x64.Build.0 = Release|x64
		{3556AE46-BDEB-4E29-BF39-7396C64BB8B3}.Ad-Hoc|x64.Deploy.0 = Release|x64
		{3556AE46-BDEB-4E29-BF39-7396C64BB8B3}.Ad-Hoc|x86.ActiveCfg = Release|x86
		{3556AE46-BDEB-4E29-BF39-7396C64BB8B3}.Ad-Hoc|x86.Build.0 = Release|x86
		{3556AE46-BDEB-4E29-BF39-7396C64BB8B3}.Ad-Hoc|x86.Deploy.0 = Release|x86
		{3556AE46-BDEB-4E29-BF39-7396C64BB8B3}.AppStore|Any CPU.ActiveCfg = Release|x86
		{3556AE46-BDEB-4E29-BF39-7396C64BB8B3}.AppStore|Any CPU.Build.0 = Release|x86
		{3556AE46-BDEB-4E29-BF39-7396C64BB8B3}.AppStore|Any CPU.Deploy.0 = Release|x86
		{3556AE46-BDEB-4E29-BF39-7396C64BB8B3}.AppStore|ARM.ActiveCfg = Release|ARM
		{3556AE46-BDEB-4E29-BF39-7396C64BB8B3}.AppStore|ARM.Build.0 = Release|ARM
		{3556AE46-BDEB-4E29-BF39-7396C64BB8B3}.AppStore|ARM.Deploy.0 = Release|ARM
		{3556AE46-BDEB-4E29-BF39-7396C64BB8B3}.AppStore|iPhone.ActiveCfg = Release|x86
		{3556AE46-BDEB-4E29-BF39-7396C64BB8B3}.AppStore|iPhone.Build.0 = Release|x86
		{3556AE46-BDEB-4E29-BF39-7396C64BB8B3}.AppStore|iPhone.Deploy.0 = Release|x86
		{3556AE46-BDEB-4E29-BF39-7396C64BB8B3}.AppStore|iPhoneSimulator.ActiveCfg = Release|x86
		{3556AE46-BDEB-4E29-BF39-7396C64BB8B3}.AppStore|iPhoneSimulator.Build.0 = Release|x86
		{3556AE46-BDEB-4E29-BF39-7396C64BB8B3}.AppStore|iPhoneSimulator.Deploy.0 = Release|x86
		{3556AE46-BDEB-4E29-BF39-7396C64BB8B3}.AppStore|x64.ActiveCfg = Release|x64
		{3556AE46-BDEB-4E29-BF39-7396C64BB8B3}.AppStore|x64.Build.0 = Release|x64
		{3556AE46-BDEB-4E29-BF39-7396C64BB8B3}.AppStore|x64.Deploy.0 = Release|x64
		{3556AE46-BDEB-4E29-BF39-7396C64BB8B3}.AppStore|x86.ActiveCfg = Release|x86
		{3556AE46-BDEB-4E29-BF39-7396C64BB8B3}.AppStore|x86.Build.0 = Release|x86
		{3556AE46-BDEB-4E29-BF39-7396C64BB8B3}.AppStore|x86.Deploy.0 = Release|x86
		{3556AE46-BDEB-4E29-BF39-7396C64BB8B3}.Debug|Any CPU.ActiveCfg = Debug|x86
		{3556AE46-BDEB-4E29-BF39-7396C64BB8B3}.Debug|Any CPU.Build.0 = Debug|x86
		{3556AE46-BDEB-4E29-BF39-7396C64BB8B3}.Debug|Any CPU.Deploy.0 = Debug|x86
		{3556AE46-BDEB-4E29-BF39-7396C64BB8B3}.Debug|ARM.ActiveCfg = Debug|ARM
		{3556AE46-BDEB-4E29-BF39-7396C64BB8B3}.Debug|ARM.Build.0 = Debug|ARM
		{3556AE46-BDEB-4E29-BF39-7396C64BB8B3}.Debug|ARM.Deploy.0 = Debug|ARM
		{3556AE46-BDEB-4E29-BF39-7396C64BB8B3}.Debug|iPhone.ActiveCfg = Debug|x86
		{3556AE46-BDEB-4E29-BF39-7396C64BB8B3}.Debug|iPhone.Build.0 = Debug|x86
		{3556AE46-BDEB-4E29-BF39-7396C64BB8B3}.Debug|iPhone.Deploy.0 = Debug|x86
		{3556AE46-BDEB-4E29-BF39-7396C64BB8B3}.Debug|iPhoneSimulator.ActiveCfg = Debug|x86
		{3556AE46-BDEB-4E29-BF39-7396C64BB8B3}.Debug|x64.ActiveCfg = Debug|x64
		{3556AE46-BDEB-4E29-BF39-7396C64BB8B3}.Debug|x64.Build.0 = Debug|x64
		{3556AE46-BDEB-4E29-BF39-7396C64BB8B3}.Debug|x64.Deploy.0 = Debug|x64
		{3556AE46-BDEB-4E29-BF39-7396C64BB8B3}.Debug|x86.ActiveCfg = Debug|x86
		{3556AE46-BDEB-4E29-BF39-7396C64BB8B3}.Debug|x86.Build.0 = Debug|x86
		{3556AE46-BDEB-4E29-BF39-7396C64BB8B3}.Debug|x86.Deploy.0 = Debug|x86
		{3556AE46-BDEB-4E29-BF39-7396C64BB8B3}.Release|Any CPU.ActiveCfg = Release|x86
		{3556AE46-BDEB-4E29-BF39-7396C64BB8B3}.Release|ARM.ActiveCfg = Release|ARM
		{3556AE46-BDEB-4E29-BF39-7396C64BB8B3}.Release|ARM.Build.0 = Release|ARM
		{3556AE46-BDEB-4E29-BF39-7396C64BB8B3}.Release|ARM.Deploy.0 = Release|ARM
		{3556AE46-BDEB-4E29-BF39-7396C64BB8B3}.Release|iPhone.ActiveCfg = Release|x86
		{3556AE46-BDEB-4E29-BF39-7396C64BB8B3}.Release|iPhoneSimulator.ActiveCfg = Release|x86
		{3556AE46-BDEB-4E29-BF39-7396C64BB8B3}.Release|x64.ActiveCfg = Release|x64
		{3556AE46-BDEB-4E29-BF39-7396C64BB8B3}.Release|x64.Build.0 = Release|x64
		{3556AE46-BDEB-4E29-BF39-7396C64BB8B3}.Release|x64.Deploy.0 = Release|x64
		{3556AE46-BDEB-4E29-BF39-7396C64BB8B3}.Release|x86.ActiveCfg = Release|x86
		{3556AE46-BDEB-4E29-BF39-7396C64BB8B3}.Release|x86.Build.0 = Release|x86
		{3556AE46-BDEB-4E29-BF39-7396C64BB8B3}.Release|x86.Deploy.0 = Release|x86
	EndGlobalSection
	GlobalSection(SolutionProperties) = preSolution
		HideSolutionNode = FALSE
	EndGlobalSection
EndGlobal
